// !$*UTF8*$!
{
	archiveVersion = 1;
	classes = {
	};
	objectVersion = 46;
	objects = {

/* Begin PBXBuildFile section */
		A19CA6BE1DBBCFB000E5C568 /* AppDelegate.swift in Sources */ = {isa = PBXBuildFile; fileRef = A19CA6BD1DBBCFB000E5C568 /* AppDelegate.swift */; };
		A19CA6C01DBBCFB000E5C568 /* ViewController.swift in Sources */ = {isa = PBXBuildFile; fileRef = A19CA6BF1DBBCFB000E5C568 /* ViewController.swift */; };
		A19CA6C21DBBCFB000E5C568 /* Assets.xcassets in Resources */ = {isa = PBXBuildFile; fileRef = A19CA6C11DBBCFB000E5C568 /* Assets.xcassets */; };
		A19CA6C51DBBCFB000E5C568 /* Main.storyboard in Resources */ = {isa = PBXBuildFile; fileRef = A19CA6C31DBBCFB000E5C568 /* Main.storyboard */; };
/* End PBXBuildFile section */

/* Begin PBXFileReference section */
		A19CA6BA1DBBCFB000E5C568 /* NejeEngraver.app */ = {isa = PBXFileReference; explicitFileType = wrapper.application; includeInIndex = 0; path = NejeEngraver.app; sourceTree = BUILT_PRODUCTS_DIR; };
		A19CA6BD1DBBCFB000E5C568 /* AppDelegate.swift */ = {isa = PBXFileReference; lastKnownFileType = sourcecode.swift; path = AppDelegate.swift; sourceTree = "<group>"; };
		A19CA6BF1DBBCFB000E5C568 /* ViewController.swift */ = {isa = PBXFileReference; lastKnownFileType = sourcecode.swift; path = ViewController.swift; sourceTree = "<group>"; };
		A19CA6C11DBBCFB000E5C568 /* Assets.xcassets */ = {isa = PBXFileReference; lastKnownFileType = folder.assetcatalog; path = Assets.xcassets; sourceTree = "<group>"; };
		A19CA6C41DBBCFB000E5C568 /* Base */ = {isa = PBXFileReference; lastKnownFileType = file.storyboard; name = Base; path = Base.lproj/Main.storyboard; sourceTree = "<group>"; };
		A19CA6C61DBBCFB000E5C568 /* Info.plist */ = {isa = PBXFileReference; lastKnownFileType = text.plist.xml; path = Info.plist; sourceTree = "<group>"; };
/* End PBXFileReference section */

/* Begin PBXFrameworksBuildPhase section */
		A19CA6B71DBBCFB000E5C568 /* Frameworks */ = {
			isa = PBXFrameworksBuildPhase;
			buildActionMask = 2147483647;
			files = (
			);
			runOnlyForDeploymentPostprocessing = 0;
		};
/* End PBXFrameworksBuildPhase section */

/* Begin PBXGroup section */
		A19CA6B11DBBCFB000E5C568 = {
			isa = PBXGroup;
			children = (
				A19CA6BC1DBBCFB000E5C568 /* NejeEngraver */,
				A19CA6BB1DBBCFB000E5C568 /* Products */,
			);
			sourceTree = "<group>";
		};
		A19CA6BB1DBBCFB000E5C568 /* Products */ = {
			isa = PBXGroup;
			children = (
				A19CA6BA1DBBCFB000E5C568 /* NejeEngraver.app */,
			);
			name = Products;
			sourceTree = "<group>";
		};
		A19CA6BC1DBBCFB000E5C568 /* NejeEngraver */ = {
			isa = PBXGroup;
			children = (
				A19CA6BD1DBBCFB000E5C568 /* AppDelegate.swift */,
				A19CA6BF1DBBCFB000E5C568 /* ViewController.swift */,
				A19CA6C11DBBCFB000E5C568 /* Assets.xcassets */,
				A19CA6C31DBBCFB000E5C568 /* Main.storyboard */,
				A19CA6C61DBBCFB000E5C568 /* Info.plist */,
			);
			path = NejeEngraver;
			sourceTree = "<group>";
		};
/* End PBXGroup section */

/* Begin PBXNativeTarget section */
		A19CA6B91DBBCFB000E5C568 /* NejeEngraver */ = {
			isa = PBXNativeTarget;
			buildConfigurationList = A19CA6C91DBBCFB000E5C568 /* Build configuration list for PBXNativeTarget "NejeEngraver" */;
			buildPhases = (
				A19CA6B61DBBCFB000E5C568 /* Sources */,
				A19CA6B71DBBCFB000E5C568 /* Frameworks */,
				A19CA6B81DBBCFB000E5C568 /* Resources */,
			);
			buildRules = (
			);
			dependencies = (
			);
			name = NejeEngraver;
			productName = NejeEngraver;
			productReference = A19CA6BA1DBBCFB000E5C568 /* NejeEngraver.app */;
			productType = "com.apple.product-type.application";
		};
/* End PBXNativeTarget section */

/* Begin PBXProject section */
		A19CA6B21DBBCFB000E5C568 /* Project object */ = {
			isa = PBXProject;
			attributes = {
				LastSwiftUpdateCheck = 0800;
				LastUpgradeCheck = 0800;
				ORGANIZATIONNAME = "Andy Qua";
				TargetAttributes = {
					A19CA6B91DBBCFB000E5C568 = {
						CreatedOnToolsVersion = 8.0;
						DevelopmentTeam = A4ZM73UFF5;
						ProvisioningStyle = Automatic;
					};
				};
			};
			buildConfigurationList = A19CA6B51DBBCFB000E5C568 /* Build configuration list for PBXProject "NejeEngraver" */;
			compatibilityVersion = "Xcode 3.2";
			developmentRegion = English;
			hasScannedForEncodings = 0;
			knownRegions = (
				en,
				Base,
			);
			mainGroup = A19CA6B11DBBCFB000E5C568;
			productRefGroup = A19CA6BB1DBBCFB000E5C568 /* Products */;
			projectDirPath = "";
			projectRoot = "";
			targets = (
				A19CA6B91DBBCFB000E5C568 /* NejeEngraver */,
			);
		};
/* End PBXProject section */

/* Begin PBXResourcesBuildPhase section */
		A19CA6B81DBBCFB000E5C568 /* Resources */ = {
			isa = PBXResourcesBuildPhase;
			buildActionMask = 2147483647;
			files = (
				A19CA6C21DBBCFB000E5C568 /* Assets.xcassets in Resources */,
				A19CA6C51DBBCFB000E5C568 /* Main.storyboard in Resources */,
			);
			runOnlyForDeploymentPostprocessing = 0;
		};
/* End PBXResourcesBuildPhase section */

/* Begin PBXSourcesBuildPhase section */
		A19CA6B61DBBCFB000E5C568 /* Sources */ = {
			isa = PBXSourcesBuildPhase;
			buildActionMask = 2147483647;
			files = (
				A19CA6C01DBBCFB000E5C568 /* ViewController.swift in Sources */,
				A19CA6BE1DBBCFB000E5C568 /* AppDelegate.swift in Sources */,
			);
			runOnlyForDeploymentPostprocessing = 0;
		};
/* End PBXSourcesBuildPhase section */

/* Begin PBXVariantGroup section */
		A19CA6C31DBBCFB000E5C568 /* Main.storyboard */ = {
			isa = PBXVariantGroup;
			children = (
				A19CA6C41DBBCFB000E5C568 /* Base */,
			);
			name = Main.storyboard;
			sourceTree = "<group>";
		};
/* End PBXVariantGroup section */

/* Begin XCBuildConfiguration section */
		A19CA6C71DBBCFB000E5C568 /* Debug */ = {
			isa = XCBuildConfiguration;
			buildSettings = {
				ALWAYS_SEARCH_USER_PATHS = NO;
				CLANG_ANALYZER_NONNULL = YES;
				CLANG_CXX_LANGUAGE_STANDARD = "gnu++0x";
				CLANG_CXX_LIBRARY = "libc++";
				CLANG_ENABLE_MODULES = YES;
				CLANG_ENABLE_OBJC_ARC = YES;
				CLANG_WARN_BOOL_CONVERSION = YES;
				CLANG_WARN_CONSTANT_CONVERSION = YES;
				CLANG_WARN_DIRECT_OBJC_ISA_USAGE = YES_ERROR;
				CLANG_WARN_DOCUMENTATION_COMMENTS = YES;
				CLANG_WARN_EMPTY_BODY = YES;
				CLANG_WARN_ENUM_CONVERSION = YES;
				CLANG_WARN_INFINITE_RECURSION = YES;
				CLANG_WARN_INT_CONVERSION = YES;
				CLANG_WARN_OBJC_ROOT_CLASS = YES_ERROR;
				CLANG_WARN_SUSPICIOUS_MOVES = YES;
				CLANG_WARN_UNREACHABLE_CODE = YES;
				CLANG_WARN__DUPLICATE_METHOD_MATCH = YES;
				CODE_SIGN_IDENTITY = "-";
				COPY_PHASE_STRIP = NO;
				DEBUG_INFORMATION_FORMAT = dwarf;
				ENABLE_STRICT_OBJC_MSGSEND = YES;
				ENABLE_TESTABILITY = YES;
				GCC_C_LANGUAGE_STANDARD = gnu99;
				GCC_DYNAMIC_NO_PIC = NO;
				GCC_NO_COMMON_BLOCKS = YES;
				GCC_OPTIMIZATION_LEVEL = 0;
				GCC_PREPROCESSOR_DEFINITIONS = (
					"DEBUG=1",
					"$(inherited)",
				);
				GCC_WARN_64_TO_32_BIT_CONVERSION = YES;
				GCC_WARN_ABOUT_RETURN_TYPE = YES_ERROR;
				GCC_WARN_UNDECLARED_SELECTOR = YES;
				GCC_WARN_UNINITIALIZED_AUTOS = YES_AGGRESSIVE;
				GCC_WARN_UNUSED_FUNCTION = YES;
				GCC_WARN_UNUSED_VARIABLE = YES;
				MACOSX_DEPLOYMENT_TARGET = 10.12;
				MTL_ENABLE_DEBUG_INFO = YES;
				ONLY_ACTIVE_ARCH = YES;
				SDKROOT = macosx;
				SWIFT_ACTIVE_COMPILATION_CONDITIONS = DEBUG;
				SWIFT_OPTIMIZATION_LEVEL = "-Onone";
			};
			name = Debug;
		};
		A19CA6C81DBBCFB000E5C568 /* Release */ = {
			isa = XCBuildConfiguration;
			buildSettings = {
				ALWAYS_SEARCH_USER_PATHS = NO;
				CLANG_ANALYZER_NONNULL = YES;
				CLANG_CXX_LANGUAGE_STANDARD = "gnu++0x";
				CLANG_CXX_LIBRARY = "libc++";
				CLANG_ENABLE_MODULES = YES;
				CLANG_ENABLE_OBJC_ARC = YES;
				CLANG_WARN_BOOL_CONVERSION = YES;
				CLANG_WARN_CONSTANT_CONVERSION = YES;
				CLANG_WARN_DIRECT_OBJC_ISA_USAGE = YES_ERROR;
				CLANG_WARN_DOCUMENTATION_COMMENTS = YES;
				CLANG_WARN_EMPTY_BODY = YES;
				CLANG_WARN_ENUM_CONVERSION = YES;
				CLANG_WARN_INFINITE_RECURSION = YES;
				CLANG_WARN_INT_CONVERSION = YES;
				CLANG_WARN_OBJC_ROOT_CLASS = YES_ERROR;
				CLANG_WARN_SUSPICIOUS_MOVES = YES;
				CLANG_WARN_UNREACHABLE_CODE = YES;
				CLANG_WARN__DUPLICATE_METHOD_MATCH = YES;
				CODE_SIGN_IDENTITY = "-";
				COPY_PHASE_STRIP = NO;
				DEBUG_INFORMATION_FORMAT = "dwarf-with-dsym";
				ENABLE_NS_ASSERTIONS = NO;
				ENABLE_STRICT_OBJC_MSGSEND = YES;
				GCC_C_LANGUAGE_STANDARD = gnu99;
				GCC_NO_COMMON_BLOCKS = YES;
				GCC_WARN_64_TO_32_BIT_CONVERSION = YES;
				GCC_WARN_ABOUT_RETURN_TYPE = YES_ERROR;
				GCC_WARN_UNDECLARED_SELECTOR = YES;
				GCC_WARN_UNINITIALIZED_AUTOS = YES_AGGRESSIVE;
				GCC_WARN_UNUSED_FUNCTION = YES;
				GCC_WARN_UNUSED_VARIABLE = YES;
				MACOSX_DEPLOYMENT_TARGET = 10.12;
				MTL_ENABLE_DEBUG_INFO = NO;
				SDKROOT = macosx;
				SWIFT_OPTIMIZATION_LEVEL = "-Owholemodule";
			};
			name = Release;
		};
		A19CA6CA1DBBCFB000E5C568 /* Debug */ = {
			isa = XCBuildConfiguration;
			buildSettings = {
				ASSETCATALOG_COMPILER_APPICON_NAME = AppIcon;
				COMBINE_HIDPI_IMAGES = YES;
				DEVELOPMENT_TEAM = A4ZM73UFF5;
				INFOPLIST_FILE = NejeEngraver/Info.plist;
				LD_RUNPATH_SEARCH_PATHS = "$(inherited) @executable_path/../Frameworks";
				PRODUCT_BUNDLE_IDENTIFIER = com.andyqua.NejeEngraver;
				PRODUCT_NAME = "$(TARGET_NAME)";
				SWIFT_VERSION = 3.0;
			};
			name = Debug;
		};
		A19CA6CB1DBBCFB000E5C568 /* Release */ = {
			isa = XCBuildConfiguration;
			buildSettings = {
				ASSETCATALOG_COMPILER_APPICON_NAME = AppIcon;
				COMBINE_HIDPI_IMAGES = YES;
				DEVELOPMENT_TEAM = A4ZM73UFF5;
				INFOPLIST_FILE = NejeEngraver/Info.plist;
				LD_RUNPATH_SEARCH_PATHS = "$(inherited) @executable_path/../Frameworks";
				PRODUCT_BUNDLE_IDENTIFIER = com.andyqua.NejeEngraver;
				PRODUCT_NAME = "$(TARGET_NAME)";
				SWIFT_VERSION = 3.0;
			};
			name = Release;
		};
/* End XCBuildConfiguration section */

/* Begin XCConfigurationList section */
		A19CA6B51DBBCFB000E5C568 /* Build configuration list for PBXProject "NejeEngraver" */ = {
			isa = XCConfigurationList;
			buildConfigurations = (
				A19CA6C71DBBCFB000E5C568 /* Debug */,
				A19CA6C81DBBCFB000E5C568 /* Release */,
			);
			defaultConfigurationIsVisible = 0;
			defaultConfigurationName = Release;
		};
		A19CA6C91DBBCFB000E5C568 /* Build configuration list for PBXNativeTarget "NejeEngraver" */ = {
			isa = XCConfigurationList;
			buildConfigurations = (
				A19CA6CA1DBBCFB000E5C568 /* Debug */,
				A19CA6CB1DBBCFB000E5C568 /* Release */,
			);
			defaultConfigurationIsVisible = 0;
		};
/* End XCConfigurationList section */
	};
	rootObject = A19CA6B21DBBCFB000E5C568 /* Project object */;
}
